// !$*UTF8*$!
{
	archiveVersion = 1;
	classes = {
	};
	objectVersion = 50;
	objects = {

/* Begin PBXBuildFile section */
		F0371EE824169E93007A3FAC /* AppDelegate.swift in Sources */ = {isa = PBXBuildFile; fileRef = F0371EE724169E93007A3FAC /* AppDelegate.swift */; };
		F0371EEA24169E93007A3FAC /* SceneDelegate.swift in Sources */ = {isa = PBXBuildFile; fileRef = F0371EE924169E93007A3FAC /* SceneDelegate.swift */; };
		F0371EEC24169E93007A3FAC /* ViewController.swift in Sources */ = {isa = PBXBuildFile; fileRef = F0371EEB24169E93007A3FAC /* ViewController.swift */; };
		F0371EEF24169E93007A3FAC /* Main.storyboard in Resources */ = {isa = PBXBuildFile; fileRef = F0371EED24169E93007A3FAC /* Main.storyboard */; };
		F0371EF124169E96007A3FAC /* Assets.xcassets in Resources */ = {isa = PBXBuildFile; fileRef = F0371EF024169E96007A3FAC /* Assets.xcassets */; };
		F0371EF424169E96007A3FAC /* LaunchScreen.storyboard in Resources */ = {isa = PBXBuildFile; fileRef = F0371EF224169E96007A3FAC /* LaunchScreen.storyboard */; };
		F0371EFC2416A358007A3FAC /* EmojiTableViewController.swift in Sources */ = {isa = PBXBuildFile; fileRef = F0371EFB2416A358007A3FAC /* EmojiTableViewController.swift */; };
		F0EE2EA624190558009F2DC4 /* EmojiTableViewCell.swift in Sources */ = {isa = PBXBuildFile; fileRef = F0EE2EA524190558009F2DC4 /* EmojiTableViewCell.swift */; };
		F0EE2EA824190AE1009F2DC4 /* EmojiModel.swift in Sources */ = {isa = PBXBuildFile; fileRef = F0EE2EA724190AE1009F2DC4 /* EmojiModel.swift */; };
		F0EE2EAA24192275009F2DC4 /* NewEmojiTableViewController.swift in Sources */ = {isa = PBXBuildFile; fileRef = F0EE2EA924192275009F2DC4 /* NewEmojiTableViewController.swift */; };
/* End PBXBuildFile section */

/* Begin PBXFileReference section */
		F0371EE424169E93007A3FAC /* EmojiReader.app */ = {isa = PBXFileReference; explicitFileType = wrapper.application; includeInIndex = 0; path = EmojiReader.app; sourceTree = BUILT_PRODUCTS_DIR; };
		F0371EE724169E93007A3FAC /* AppDelegate.swift */ = {isa = PBXFileReference; lastKnownFileType = sourcecode.swift; path = AppDelegate.swift; sourceTree = "<group>"; };
		F0371EE924169E93007A3FAC /* SceneDelegate.swift */ = {isa = PBXFileReference; lastKnownFileType = sourcecode.swift; path = SceneDelegate.swift; sourceTree = "<group>"; };
		F0371EEB24169E93007A3FAC /* ViewController.swift */ = {isa = PBXFileReference; lastKnownFileType = sourcecode.swift; path = ViewController.swift; sourceTree = "<group>"; };
		F0371EEE24169E93007A3FAC /* Base */ = {isa = PBXFileReference; lastKnownFileType = file.storyboard; name = Base; path = Base.lproj/Main.storyboard; sourceTree = "<group>"; };
		F0371EF024169E96007A3FAC /* Assets.xcassets */ = {isa = PBXFileReference; lastKnownFileType = folder.assetcatalog; path = Assets.xcassets; sourceTree = "<group>"; };
		F0371EF324169E96007A3FAC /* Base */ = {isa = PBXFileReference; lastKnownFileType = file.storyboard; name = Base; path = Base.lproj/LaunchScreen.storyboard; sourceTree = "<group>"; };
		F0371EF524169E96007A3FAC /* Info.plist */ = {isa = PBXFileReference; lastKnownFileType = text.plist.xml; path = Info.plist; sourceTree = "<group>"; };
		F0371EFB2416A358007A3FAC /* EmojiTableViewController.swift */ = {isa = PBXFileReference; lastKnownFileType = sourcecode.swift; path = EmojiTableViewController.swift; sourceTree = "<group>"; };
		F0EE2EA524190558009F2DC4 /* EmojiTableViewCell.swift */ = {isa = PBXFileReference; lastKnownFileType = sourcecode.swift; path = EmojiTableViewCell.swift; sourceTree = "<group>"; };
		F0EE2EA724190AE1009F2DC4 /* EmojiModel.swift */ = {isa = PBXFileReference; lastKnownFileType = sourcecode.swift; path = EmojiModel.swift; sourceTree = "<group>"; };
		F0EE2EA924192275009F2DC4 /* NewEmojiTableViewController.swift */ = {isa = PBXFileReference; lastKnownFileType = sourcecode.swift; path = NewEmojiTableViewController.swift; sourceTree = "<group>"; };
/* End PBXFileReference section */

/* Begin PBXFrameworksBuildPhase section */
		F0371EE124169E93007A3FAC /* Frameworks */ = {
			isa = PBXFrameworksBuildPhase;
			buildActionMask = 2147483647;
			files = (
			);
			runOnlyForDeploymentPostprocessing = 0;
		};
/* End PBXFrameworksBuildPhase section */

/* Begin PBXGroup section */
		F0371EDB24169E93007A3FAC = {
			isa = PBXGroup;
			children = (
				F0371EE624169E93007A3FAC /* EmojiReader */,
				F0371EE524169E93007A3FAC /* Products */,
			);
			sourceTree = "<group>";
		};
		F0371EE524169E93007A3FAC /* Products */ = {
			isa = PBXGroup;
			children = (
				F0371EE424169E93007A3FAC /* EmojiReader.app */,
			);
			name = Products;
			sourceTree = "<group>";
		};
		F0371EE624169E93007A3FAC /* EmojiReader */ = {
			isa = PBXGroup;
			children = (
				F0371EE724169E93007A3FAC /* AppDelegate.swift */,
				F0371EE924169E93007A3FAC /* SceneDelegate.swift */,
				F0371EEB24169E93007A3FAC /* ViewController.swift */,
				F0EE2EA724190AE1009F2DC4 /* EmojiModel.swift */,
				F0371EFB2416A358007A3FAC /* EmojiTableViewController.swift */,
				F0EE2EA924192275009F2DC4 /* NewEmojiTableViewController.swift */,
				F0EE2EA524190558009F2DC4 /* EmojiTableViewCell.swift */,
				F0371EED24169E93007A3FAC /* Main.storyboard */,
				F0371EF024169E96007A3FAC /* Assets.xcassets */,
				F0371EF224169E96007A3FAC /* LaunchScreen.storyboard */,
				F0371EF524169E96007A3FAC /* Info.plist */,
			);
			path = EmojiReader;
			sourceTree = "<group>";
		};
/* End PBXGroup section */

/* Begin PBXNativeTarget section */
		F0371EE324169E93007A3FAC /* EmojiReader */ = {
			isa = PBXNativeTarget;
			buildConfigurationList = F0371EF824169E96007A3FAC /* Build configuration list for PBXNativeTarget "EmojiReader" */;
			buildPhases = (
				F0371EE024169E93007A3FAC /* Sources */,
				F0371EE124169E93007A3FAC /* Frameworks */,
				F0371EE224169E93007A3FAC /* Resources */,
			);
			buildRules = (
			);
			dependencies = (
			);
			name = EmojiReader;
			productName = EmojiReader;
			productReference = F0371EE424169E93007A3FAC /* EmojiReader.app */;
			productType = "com.apple.product-type.application";
		};
/* End PBXNativeTarget section */

/* Begin PBXProject section */
		F0371EDC24169E93007A3FAC /* Project object */ = {
			isa = PBXProject;
			attributes = {
				LastSwiftUpdateCheck = 1120;
				LastUpgradeCheck = 1120;
				ORGANIZATIONNAME = "Алексей Пархоменко";
				TargetAttributes = {
					F0371EE324169E93007A3FAC = {
						CreatedOnToolsVersion = 11.2.1;
					};
				};
			};
			buildConfigurationList = F0371EDF24169E93007A3FAC /* Build configuration list for PBXProject "EmojiReader" */;
			compatibilityVersion = "Xcode 9.3";
			developmentRegion = en;
			hasScannedForEncodings = 0;
			knownRegions = (
				en,
				Base,
			);
			mainGroup = F0371EDB24169E93007A3FAC;
			productRefGroup = F0371EE524169E93007A3FAC /* Products */;
			projectDirPath = "";
			projectRoot = "";
			targets = (
				F0371EE324169E93007A3FAC /* EmojiReader */,
			);
		};
/* End PBXProject section */

/* Begin PBXResourcesBuildPhase section */
		F0371EE224169E93007A3FAC /* Resources */ = {
			isa = PBXResourcesBuildPhase;
			buildActionMask = 2147483647;
			files = (
				F0371EF424169E96007A3FAC /* LaunchScreen.storyboard in Resources */,
				F0371EF124169E96007A3FAC /* Assets.xcassets in Resources */,
				F0371EEF24169E93007A3FAC /* Main.storyboard in Resources */,
			);
			runOnlyForDeploymentPostprocessing = 0;
		};
/* End PBXResourcesBuildPhase section */

/* Begin PBXSourcesBuildPhase section */
		F0371EE024169E93007A3FAC /* Sources */ = {
			isa = PBXSourcesBuildPhase;
			buildActionMask = 2147483647;
			files = (
				F0371EFC2416A358007A3FAC /* EmojiTableViewController.swift in Sources */,
				F0371EEC24169E93007A3FAC /* ViewController.swift in Sources */,
				F0EE2EA824190AE1009F2DC4 /* EmojiModel.swift in Sources */,
				F0EE2EA624190558009F2DC4 /* EmojiTableViewCell.swift in Sources */,
				F0EE2EAA24192275009F2DC4 /* NewEmojiTableViewController.swift in Sources */,
				F0371EE824169E93007A3FAC /* AppDelegate.swift in Sources */,
				F0371EEA24169E93007A3FAC /* SceneDelegate.swift in Sources */,
			);
			runOnlyForDeploymentPostprocessing = 0;
		};
/* End PBXSourcesBuildPhase section */

/* Begin PBXVariantGroup section */
		F0371EED24169E93007A3FAC /* Main.storyboard */ = {
			isa = PBXVariantGroup;
			children = (
				F0371EEE24169E93007A3FAC /* Base */,
			);
			name = Main.storyboard;
			sourceTree = "<group>";
		};
		F0371EF224169E96007A3FAC /* LaunchScreen.storyboard */ = {
			isa = PBXVariantGroup;
			children = (
				F0371EF324169E96007A3FAC /* Base */,
			);
			name = LaunchScreen.storyboard;
			sourceTree = "<group>";
		};
/* End PBXVariantGroup section */

/* Begin XCBuildConfiguration section */
		F0371EF624169E96007A3FAC /* Debug */ = {
			isa = XCBuildConfiguration;
			buildSettings = {
				ALWAYS_SEARCH_USER_PATHS = NO;
				CLANG_ANALYZER_NONNULL = YES;
				CLANG_ANALYZER_NUMBER_OBJECT_CONVERSION = YES_AGGRESSIVE;
				CLANG_CXX_LANGUAGE_STANDARD = "gnu++14";
				CLANG_CXX_LIBRARY = "libc++";
				CLANG_ENABLE_MODULES = YES;
				CLANG_ENABLE_OBJC_ARC = YES;
				CLANG_ENABLE_OBJC_WEAK = YES;
				CLANG_WARN_BLOCK_CAPTURE_AUTORELEASING = YES;
				CLANG_WARN_BOOL_CONVERSION = YES;
				CLANG_WARN_COMMA = YES;
				CLANG_WARN_CONSTANT_CONVERSION = YES;
				CLANG_WARN_DEPRECATED_OBJC_IMPLEMENTATIONS = YES;
				CLANG_WARN_DIRECT_OBJC_ISA_USAGE = YES_ERROR;
				CLANG_WARN_DOCUMENTATION_COMMENTS = YES;
				CLANG_WARN_EMPTY_BODY = YES;
				CLANG_WARN_ENUM_CONVERSION = YES;
				CLANG_WARN_INFINITE_RECURSION = YES;
				CLANG_WARN_INT_CONVERSION = YES;
				CLANG_WARN_NON_LITERAL_NULL_CONVERSION = YES;
				CLANG_WARN_OBJC_IMPLICIT_RETAIN_SELF = YES;
				CLANG_WARN_OBJC_LITERAL_CONVERSION = YES;
				CLANG_WARN_OBJC_ROOT_CLASS = YES_ERROR;
				CLANG_WARN_RANGE_LOOP_ANALYSIS = YES;
				CLANG_WARN_STRICT_PROTOTYPES = YES;
				CLANG_WARN_SUSPICIOUS_MOVE = YES;
				CLANG_WARN_UNGUARDED_AVAILABILITY = YES_AGGRESSIVE;
				CLANG_WARN_UNREACHABLE_CODE = YES;
				CLANG_WARN__DUPLICATE_METHOD_MATCH = YES;
				COPY_PHASE_STRIP = NO;
				DEBUG_INFORMATION_FORMAT = dwarf;
				ENABLE_STRICT_OBJC_MSGSEND = YES;
				ENABLE_TESTABILITY = YES;
				GCC_C_LANGUAGE_STANDARD = gnu11;
				GCC_DYNAMIC_NO_PIC = NO;
				GCC_NO_COMMON_BLOCKS = YES;
				GCC_OPTIMIZATION_LEVEL = 0;
				GCC_PREPROCESSOR_DEFINITIONS = (
					"DEBUG=1",
					"$(inherited)",
				);
				GCC_WARN_64_TO_32_BIT_CONVERSION = YES;
				GCC_WARN_ABOUT_RETURN_TYPE = YES_ERROR;
				GCC_WARN_UNDECLARED_SELECTOR = YES;
				GCC_WARN_UNINITIALIZED_AUTOS = YES_AGGRESSIVE;
				GCC_WARN_UNUSED_FUNCTION = YES;
				GCC_WARN_UNUSED_VARIABLE = YES;
				IPHONEOS_DEPLOYMENT_TARGET = 13.2;
				MTL_ENABLE_DEBUG_INFO = INCLUDE_SOURCE;
				MTL_FAST_MATH = YES;
				ONLY_ACTIVE_ARCH = YES;
				SDKROOT = iphoneos;
				SWIFT_ACTIVE_COMPILATION_CONDITIONS = DEBUG;
				SWIFT_OPTIMIZATION_LEVEL = "-Onone";
			};
			name = Debug;
		};
		F0371EF724169E96007A3FAC /* Release */ = {
			isa = XCBuildConfiguration;
			buildSettings = {
				ALWAYS_SEARCH_USER_PATHS = NO;
				CLANG_ANALYZER_NONNULL = YES;
				CLANG_ANALYZER_NUMBER_OBJECT_CONVERSION = YES_AGGRESSIVE;
				CLANG_CXX_LANGUAGE_STANDARD = "gnu++14";
				CLANG_CXX_LIBRARY = "libc++";
				CLANG_ENABLE_MODULES = YES;
				CLANG_ENABLE_OBJC_ARC = YES;
				CLANG_ENABLE_OBJC_WEAK = YES;
				CLANG_WARN_BLOCK_CAPTURE_AUTORELEASING = YES;
				CLANG_WARN_BOOL_CONVERSION = YES;
				CLANG_WARN_COMMA = YES;
				CLANG_WARN_CONSTANT_CONVERSION = YES;
				CLANG_WARN_DEPRECATED_OBJC_IMPLEMENTATIONS = YES;
				CLANG_WARN_DIRECT_OBJC_ISA_USAGE = YES_ERROR;
				CLANG_WARN_DOCUMENTATION_COMMENTS = YES;
				CLANG_WARN_EMPTY_BODY = YES;
				CLANG_WARN_ENUM_CONVERSION = YES;
				CLANG_WARN_INFINITE_RECURSION = YES;
				CLANG_WARN_INT_CONVERSION = YES;
				CLANG_WARN_NON_LITERAL_NULL_CONVERSION = YES;
				CLANG_WARN_OBJC_IMPLICIT_RETAIN_SELF = YES;
				CLANG_WARN_OBJC_LITERAL_CONVERSION = YES;
				CLANG_WARN_OBJC_ROOT_CLASS = YES_ERROR;
				CLANG_WARN_RANGE_LOOP_ANALYSIS = YES;
				CLANG_WARN_STRICT_PROTOTYPES = YES;
				CLANG_WARN_SUSPICIOUS_MOVE = YES;
				CLANG_WARN_UNGUARDED_AVAILABILITY = YES_AGGRESSIVE;
				CLANG_WARN_UNREACHABLE_CODE = YES;
				CLANG_WARN__DUPLICATE_METHOD_MATCH = YES;
				COPY_PHASE_STRIP = NO;
				DEBUG_INFORMATION_FORMAT = "dwarf-with-dsym";
				ENABLE_NS_ASSERTIONS = NO;
				ENABLE_STRICT_OBJC_MSGSEND = YES;
				GCC_C_LANGUAGE_STANDARD = gnu11;
				GCC_NO_COMMON_BLOCKS = YES;
				GCC_WARN_64_TO_32_BIT_CONVERSION = YES;
				GCC_WARN_ABOUT_RETURN_TYPE = YES_ERROR;
				GCC_WARN_UNDECLARED_SELECTOR = YES;
				GCC_WARN_UNINITIALIZED_AUTOS = YES_AGGRESSIVE;
				GCC_WARN_UNUSED_FUNCTION = YES;
				GCC_WARN_UNUSED_VARIABLE = YES;
				IPHONEOS_DEPLOYMENT_TARGET = 13.2;
				MTL_ENABLE_DEBUG_INFO = NO;
				MTL_FAST_MATH = YES;
				SDKROOT = iphoneos;
				SWIFT_COMPILATION_MODE = wholemodule;
				SWIFT_OPTIMIZATION_LEVEL = "-O";
				VALIDATE_PRODUCT = YES;
			};
			name = Release;
		};
		F0371EF924169E96007A3FAC /* Debug */ = {
			isa = XCBuildConfiguration;
			buildSettings = {
				ASSETCATALOG_COMPILER_APPICON_NAME = AppIcon;
				CODE_SIGN_STYLE = Automatic;
				DEVELOPMENT_TEAM = TSZQ4D456H;
				INFOPLIST_FILE = EmojiReader/Info.plist;
				LD_RUNPATH_SEARCH_PATHS = (
					"$(inherited)",
					"@executable_path/Frameworks",
				);
				PRODUCT_BUNDLE_IDENTIFIER = com.alexeyParkhomenko.EmojiReader;
				PRODUCT_NAME = "$(TARGET_NAME)";
				SWIFT_VERSION = 5.0;
				TARGETED_DEVICE_FAMILY = "1,2";
			};
			name = Debug;
		};
		F0371EFA24169E96007A3FAC /* Release */ = {
			isa = XCBuildConfiguration;
			buildSettings = {
				ASSETCATALOG_COMPILER_APPICON_NAME = AppIcon;
				CODE_SIGN_STYLE = Automatic;
				DEVELOPMENT_TEAM = TSZQ4D456H;
				INFOPLIST_FILE = EmojiReader/Info.plist;
				LD_RUNPATH_SEARCH_PATHS = (
					"$(inherited)",
					"@executable_path/Frameworks",
				);
				PRODUCT_BUNDLE_IDENTIFIER = com.alexeyParkhomenko.EmojiReader;
				PRODUCT_NAME = "$(TARGET_NAME)";
				SWIFT_VERSION = 5.0;
				TARGETED_DEVICE_FAMILY = "1,2";
			};
			name = Release;
		};
/* End XCBuildConfiguration section */

/* Begin XCConfigurationList section */
		F0371EDF24169E93007A3FAC /* Build configuration list for PBXProject "EmojiReader" */ = {
			isa = XCConfigurationList;
			buildConfigurations = (
				F0371EF624169E96007A3FAC /* Debug */,
				F0371EF724169E96007A3FAC /* Release */,
			);
			defaultConfigurationIsVisible = 0;
			defaultConfigurationName = Release;
		};
		F0371EF824169E96007A3FAC /* Build configuration list for PBXNativeTarget "EmojiReader" */ = {
			isa = XCConfigurationList;
			buildConfigurations = (
				F0371EF924169E96007A3FAC /* Debug */,
				F0371EFA24169E96007A3FAC /* Release */,
			);
			defaultConfigurationIsVisible = 0;
			defaultConfigurationName = Release;
		};
/* End XCConfigurationList section */
	};
	rootObject = F0371EDC24169E93007A3FAC /* Project object */;
}
